// !$*UTF8*$!
{
	archiveVersion = 1;
	classes = {
	};
	objectVersion = 46;
	objects = {

/* Begin PBXBuildFile section */
		A404C3DB1DF69268005C0C62 /* RedditViewController.swift in Sources */ = {isa = PBXBuildFile; fileRef = A404C3DA1DF69268005C0C62 /* RedditViewController.swift */; };
		A47319D11DE35AFA00F6752A /* Fabric.framework in Frameworks */ = {isa = PBXBuildFile; fileRef = A47319CD1DE35AFA00F6752A /* Fabric.framework */; };
		A47319D21DE35AFA00F6752A /* TwitterKit.framework in Frameworks */ = {isa = PBXBuildFile; fileRef = A47319CE1DE35AFA00F6752A /* TwitterKit.framework */; };
		A47319D31DE35AFA00F6752A /* TwitterKitResources.bundle in Resources */ = {isa = PBXBuildFile; fileRef = A47319CF1DE35AFA00F6752A /* TwitterKitResources.bundle */; };
		A47319D41DE35AFA00F6752A /* TwitterCore.framework in Frameworks */ = {isa = PBXBuildFile; fileRef = A47319D01DE35AFA00F6752A /* TwitterCore.framework */; };
		A483448E1DE252C100FC5419 /* Reddit.swift in Sources */ = {isa = PBXBuildFile; fileRef = A483448D1DE252C100FC5419 /* Reddit.swift */; };
		A4E3C52B1DF77D0600AB472D /* Constants.swift in Sources */ = {isa = PBXBuildFile; fileRef = A4E3C52A1DF77D0600AB472D /* Constants.swift */; };
		AA73467D1DDCB1B1008019EF /* SignInVC.swift in Sources */ = {isa = PBXBuildFile; fileRef = AA73467C1DDCB1B1008019EF /* SignInVC.swift */; };
		AA73467F1DDCB313008019EF /* MainScreenVC.swift in Sources */ = {isa = PBXBuildFile; fileRef = AA73467E1DDCB313008019EF /* MainScreenVC.swift */; };
		DE0C5C3917164CCA48B61DD7 /* Pods_SocialJoint.framework in Frameworks */ = {isa = PBXBuildFile; fileRef = 7ECDCB73DF256AD9CC3671F4 /* Pods_SocialJoint.framework */; };
		EA0C93A21DD774B400311F1B /* GradientExtension.swift in Sources */ = {isa = PBXBuildFile; fileRef = EA0C93A11DD774B400311F1B /* GradientExtension.swift */; };
		EAB74CDA1DD69C1C0041A0E1 /* AppDelegate.swift in Sources */ = {isa = PBXBuildFile; fileRef = EAB74CD91DD69C1C0041A0E1 /* AppDelegate.swift */; };
		EAB74CDF1DD69C1C0041A0E1 /* Main.storyboard in Resources */ = {isa = PBXBuildFile; fileRef = EAB74CDD1DD69C1C0041A0E1 /* Main.storyboard */; };
		EAB74CE21DD69C1C0041A0E1 /* SocialJoint.xcdatamodeld in Sources */ = {isa = PBXBuildFile; fileRef = EAB74CE01DD69C1C0041A0E1 /* SocialJoint.xcdatamodeld */; };
		EAB74CE41DD69C1C0041A0E1 /* Assets.xcassets in Resources */ = {isa = PBXBuildFile; fileRef = EAB74CE31DD69C1C0041A0E1 /* Assets.xcassets */; };
		EAB74CE71DD69C1C0041A0E1 /* LaunchScreen.storyboard in Resources */ = {isa = PBXBuildFile; fileRef = EAB74CE51DD69C1C0041A0E1 /* LaunchScreen.storyboard */; };
		EAB74CEF1DD69D940041A0E1 /* .gitignore in Resources */ = {isa = PBXBuildFile; fileRef = EAB74CEE1DD69D940041A0E1 /* .gitignore */; };
		EAB74CF21DD6A1C10041A0E1 /* InitialSetUpVC.swift in Sources */ = {isa = PBXBuildFile; fileRef = EAB74CF11DD6A1C10041A0E1 /* InitialSetUpVC.swift */; };
/* End PBXBuildFile section */

/* Begin PBXFileReference section */
		7ECDCB73DF256AD9CC3671F4 /* Pods_SocialJoint.framework */ = {isa = PBXFileReference; explicitFileType = wrapper.framework; includeInIndex = 0; path = Pods_SocialJoint.framework; sourceTree = BUILT_PRODUCTS_DIR; };
		A404C3DA1DF69268005C0C62 /* RedditViewController.swift */ = {isa = PBXFileReference; fileEncoding = 4; lastKnownFileType = sourcecode.swift; path = RedditViewController.swift; sourceTree = "<group>"; };
		A47319CD1DE35AFA00F6752A /* Fabric.framework */ = {isa = PBXFileReference; lastKnownFileType = wrapper.framework; path = Fabric.framework; sourceTree = "<group>"; };
		A47319CE1DE35AFA00F6752A /* TwitterKit.framework */ = {isa = PBXFileReference; lastKnownFileType = wrapper.framework; path = TwitterKit.framework; sourceTree = "<group>"; };
		A47319CF1DE35AFA00F6752A /* TwitterKitResources.bundle */ = {isa = PBXFileReference; lastKnownFileType = "wrapper.plug-in"; name = TwitterKitResources.bundle; path = TwitterKit.framework/Versions/A/Resources/TwitterKitResources.bundle; sourceTree = "<group>"; };
		A47319D01DE35AFA00F6752A /* TwitterCore.framework */ = {isa = PBXFileReference; lastKnownFileType = wrapper.framework; path = TwitterCore.framework; sourceTree = "<group>"; };
		A483448D1DE252C100FC5419 /* Reddit.swift */ = {isa = PBXFileReference; fileEncoding = 4; lastKnownFileType = sourcecode.swift; name = Reddit.swift; path = SocialJoint/Reddit.swift; sourceTree = "<group>"; };
		A4C3D5601DE106690006980A /* SocialJoint.entitlements */ = {isa = PBXFileReference; lastKnownFileType = text.plist.entitlements; path = SocialJoint.entitlements; sourceTree = "<group>"; };
		A4E3C52A1DF77D0600AB472D /* Constants.swift */ = {isa = PBXFileReference; fileEncoding = 4; lastKnownFileType = sourcecode.swift; path = Constants.swift; sourceTree = "<group>"; };
		AA73467C1DDCB1B1008019EF /* SignInVC.swift */ = {isa = PBXFileReference; fileEncoding = 4; lastKnownFileType = sourcecode.swift; path = SignInVC.swift; sourceTree = "<group>"; };
		AA73467E1DDCB313008019EF /* MainScreenVC.swift */ = {isa = PBXFileReference; fileEncoding = 4; lastKnownFileType = sourcecode.swift; path = MainScreenVC.swift; sourceTree = "<group>"; };
		AD1C29BF70EBB17DB54D021D /* Pods-SocialJoint.release.xcconfig */ = {isa = PBXFileReference; includeInIndex = 1; lastKnownFileType = text.xcconfig; name = "Pods-SocialJoint.release.xcconfig"; path = "Pods/Target Support Files/Pods-SocialJoint/Pods-SocialJoint.release.xcconfig"; sourceTree = "<group>"; };
		E7D108B0347C5E22CCAE261A /* Pods-SocialJoint.debug.xcconfig */ = {isa = PBXFileReference; includeInIndex = 1; lastKnownFileType = text.xcconfig; name = "Pods-SocialJoint.debug.xcconfig"; path = "Pods/Target Support Files/Pods-SocialJoint/Pods-SocialJoint.debug.xcconfig"; sourceTree = "<group>"; };
		EA0C93A11DD774B400311F1B /* GradientExtension.swift */ = {isa = PBXFileReference; fileEncoding = 4; lastKnownFileType = sourcecode.swift; path = GradientExtension.swift; sourceTree = "<group>"; };
		EAB74CD61DD69C1C0041A0E1 /* SocialJoint.app */ = {isa = PBXFileReference; explicitFileType = wrapper.application; includeInIndex = 0; path = SocialJoint.app; sourceTree = BUILT_PRODUCTS_DIR; };
		EAB74CD91DD69C1C0041A0E1 /* AppDelegate.swift */ = {isa = PBXFileReference; lastKnownFileType = sourcecode.swift; path = AppDelegate.swift; sourceTree = "<group>"; };
		EAB74CDE1DD69C1C0041A0E1 /* Base */ = {isa = PBXFileReference; lastKnownFileType = file.storyboard; name = Base; path = Base.lproj/Main.storyboard; sourceTree = "<group>"; };
		EAB74CE11DD69C1C0041A0E1 /* SocialJoint.xcdatamodel */ = {isa = PBXFileReference; lastKnownFileType = wrapper.xcdatamodel; path = SocialJoint.xcdatamodel; sourceTree = "<group>"; };
		EAB74CE31DD69C1C0041A0E1 /* Assets.xcassets */ = {isa = PBXFileReference; lastKnownFileType = folder.assetcatalog; path = Assets.xcassets; sourceTree = "<group>"; };
		EAB74CE61DD69C1C0041A0E1 /* Base */ = {isa = PBXFileReference; lastKnownFileType = file.storyboard; name = Base; path = Base.lproj/LaunchScreen.storyboard; sourceTree = "<group>"; };
		EAB74CE81DD69C1C0041A0E1 /* Info.plist */ = {isa = PBXFileReference; lastKnownFileType = text.plist.xml; path = Info.plist; sourceTree = "<group>"; };
		EAB74CEE1DD69D940041A0E1 /* .gitignore */ = {isa = PBXFileReference; fileEncoding = 4; lastKnownFileType = text; path = .gitignore; sourceTree = "<group>"; };
		EAB74CF11DD6A1C10041A0E1 /* InitialSetUpVC.swift */ = {isa = PBXFileReference; fileEncoding = 4; lastKnownFileType = sourcecode.swift; path = InitialSetUpVC.swift; sourceTree = "<group>"; };
/* End PBXFileReference section */

/* Begin PBXFrameworksBuildPhase section */
		EAB74CD31DD69C1C0041A0E1 /* Frameworks */ = {
			isa = PBXFrameworksBuildPhase;
			buildActionMask = 2147483647;
			files = (
				A47319D41DE35AFA00F6752A /* TwitterCore.framework in Frameworks */,
				DE0C5C3917164CCA48B61DD7 /* Pods_SocialJoint.framework in Frameworks */,
				A47319D11DE35AFA00F6752A /* Fabric.framework in Frameworks */,
				A47319D21DE35AFA00F6752A /* TwitterKit.framework in Frameworks */,
			);
			runOnlyForDeploymentPostprocessing = 0;
		};
/* End PBXFrameworksBuildPhase section */

/* Begin PBXGroup section */
		12D1FB15D0189078A678FCB9 /* Frameworks */ = {
			isa = PBXGroup;
			children = (
				A47319CD1DE35AFA00F6752A /* Fabric.framework */,
				A47319CE1DE35AFA00F6752A /* TwitterKit.framework */,
				A47319CF1DE35AFA00F6752A /* TwitterKitResources.bundle */,
				A47319D01DE35AFA00F6752A /* TwitterCore.framework */,
				7ECDCB73DF256AD9CC3671F4 /* Pods_SocialJoint.framework */,
			);
			name = Frameworks;
			sourceTree = "<group>";
		};
		6DE0E60B1050F13E710499DF /* Pods */ = {
			isa = PBXGroup;
			children = (
				E7D108B0347C5E22CCAE261A /* Pods-SocialJoint.debug.xcconfig */,
				AD1C29BF70EBB17DB54D021D /* Pods-SocialJoint.release.xcconfig */,
			);
			name = Pods;
			sourceTree = "<group>";
		};
		AA2E495A1DD79C6A0059760B /* Model */ = {
			isa = PBXGroup;
			children = (
				A483448D1DE252C100FC5419 /* Reddit.swift */,
			);
			name = Model;
			path = ..;
			sourceTree = "<group>";
		};
		AA2E495B1DD79C800059760B /* Controllers */ = {
			isa = PBXGroup;
			children = (
				EAB74CF11DD6A1C10041A0E1 /* InitialSetUpVC.swift */,
				AA73467C1DDCB1B1008019EF /* SignInVC.swift */,
				AA73467E1DDCB313008019EF /* MainScreenVC.swift */,
				A404C3DA1DF69268005C0C62 /* RedditViewController.swift */,
			);
			name = Controllers;
			sourceTree = "<group>";
		};
		EA0C93A31DD77FE100311F1B /* Extensions */ = {
			isa = PBXGroup;
			children = (
				EA0C93A11DD774B400311F1B /* GradientExtension.swift */,
			);
			name = Extensions;
			sourceTree = "<group>";
		};
		EAB74CCD1DD69C1C0041A0E1 = {
			isa = PBXGroup;
			children = (
				EAB74CD71DD69C1C0041A0E1 /* Products */,
				EAB74CD81DD69C1C0041A0E1 /* SocialJoint */,
				6DE0E60B1050F13E710499DF /* Pods */,
				12D1FB15D0189078A678FCB9 /* Frameworks */,
			);
			sourceTree = "<group>";
		};
		EAB74CD71DD69C1C0041A0E1 /* Products */ = {
			isa = PBXGroup;
			children = (
				EAB74CD61DD69C1C0041A0E1 /* SocialJoint.app */,
			);
			name = Products;
			sourceTree = "<group>";
		};
		EAB74CD81DD69C1C0041A0E1 /* SocialJoint */ = {
			isa = PBXGroup;
			children = (
				A4C3D5601DE106690006980A /* SocialJoint.entitlements */,
				AA2E495A1DD79C6A0059760B /* Model */,
				AA2E495B1DD79C800059760B /* Controllers */,
				EAB74CF01DD69DA80041A0E1 /* Util */,
				EA0C93A31DD77FE100311F1B /* Extensions */,
				EAB74CD91DD69C1C0041A0E1 /* AppDelegate.swift */,
				EAB74CDD1DD69C1C0041A0E1 /* Main.storyboard */,
				EAB74CE31DD69C1C0041A0E1 /* Assets.xcassets */,
				EAB74CE51DD69C1C0041A0E1 /* LaunchScreen.storyboard */,
				EAB74CE81DD69C1C0041A0E1 /* Info.plist */,
				EAB74CE01DD69C1C0041A0E1 /* SocialJoint.xcdatamodeld */,
			);
			path = SocialJoint;
			sourceTree = "<group>";
		};
		EAB74CF01DD69DA80041A0E1 /* Util */ = {
			isa = PBXGroup;
			children = (
				EAB74CEE1DD69D940041A0E1 /* .gitignore */,
				A4E3C52A1DF77D0600AB472D /* Constants.swift */,
			);
			name = Util;
			sourceTree = "<group>";
		};
/* End PBXGroup section */

/* Begin PBXNativeTarget section */
		EAB74CD51DD69C1C0041A0E1 /* SocialJoint */ = {
			isa = PBXNativeTarget;
			buildConfigurationList = EAB74CEB1DD69C1C0041A0E1 /* Build configuration list for PBXNativeTarget "SocialJoint" */;
			buildPhases = (
				D23BEB1673845B29AA350E04 /* [CP] Check Pods Manifest.lock */,
				EAB74CD21DD69C1C0041A0E1 /* Sources */,
				EAB74CD31DD69C1C0041A0E1 /* Frameworks */,
				EAB74CD41DD69C1C0041A0E1 /* Resources */,
				1E14045FC149BA162E72D695 /* [CP] Embed Pods Frameworks */,
				B499EA2C6D254E9581740637 /* [CP] Copy Pods Resources */,
				A47319C61DE35A4200F6752A /* ShellScript */,
			);
			buildRules = (
			);
			dependencies = (
			);
			name = SocialJoint;
			productName = SocialJoint;
			productReference = EAB74CD61DD69C1C0041A0E1 /* SocialJoint.app */;
			productType = "com.apple.product-type.application";
		};
/* End PBXNativeTarget section */

/* Begin PBXProject section */
		EAB74CCE1DD69C1C0041A0E1 /* Project object */ = {
			isa = PBXProject;
			attributes = {
				LastSwiftUpdateCheck = 0800;
				LastUpgradeCheck = 0810;
				ORGANIZATIONNAME = "Ethan Bonin";
				TargetAttributes = {
					EAB74CD51DD69C1C0041A0E1 = {
						CreatedOnToolsVersion = 8.0;
						DevelopmentTeam = 7N5NS23973;
						ProvisioningStyle = Automatic;
						SystemCapabilities = {
							com.apple.Keychain = {
								enabled = 1;
							};
						};
					};
				};
			};
			buildConfigurationList = EAB74CD11DD69C1C0041A0E1 /* Build configuration list for PBXProject "SocialJoint" */;
			compatibilityVersion = "Xcode 3.2";
			developmentRegion = English;
			hasScannedForEncodings = 0;
			knownRegions = (
				en,
				Base,
			);
			mainGroup = EAB74CCD1DD69C1C0041A0E1;
			productRefGroup = EAB74CD71DD69C1C0041A0E1 /* Products */;
			projectDirPath = "";
			projectRoot = "";
			targets = (
				EAB74CD51DD69C1C0041A0E1 /* SocialJoint */,
			);
		};
/* End PBXProject section */

/* Begin PBXResourcesBuildPhase section */
		EAB74CD41DD69C1C0041A0E1 /* Resources */ = {
			isa = PBXResourcesBuildPhase;
			buildActionMask = 2147483647;
			files = (
				EAB74CEF1DD69D940041A0E1 /* .gitignore in Resources */,
				EAB74CE71DD69C1C0041A0E1 /* LaunchScreen.storyboard in Resources */,
				EAB74CE41DD69C1C0041A0E1 /* Assets.xcassets in Resources */,
				A47319D31DE35AFA00F6752A /* TwitterKitResources.bundle in Resources */,
				EAB74CDF1DD69C1C0041A0E1 /* Main.storyboard in Resources */,
			);
			runOnlyForDeploymentPostprocessing = 0;
		};
/* End PBXResourcesBuildPhase section */

/* Begin PBXShellScriptBuildPhase section */
		1E14045FC149BA162E72D695 /* [CP] Embed Pods Frameworks */ = {
			isa = PBXShellScriptBuildPhase;
			buildActionMask = 2147483647;
			files = (
			);
			inputPaths = (
			);
			name = "[CP] Embed Pods Frameworks";
			outputPaths = (
			);
			runOnlyForDeploymentPostprocessing = 0;
			shellPath = /bin/sh;
			shellScript = "\"${SRCROOT}/Pods/Target Support Files/Pods-SocialJoint/Pods-SocialJoint-frameworks.sh\"\n";
			showEnvVarsInLog = 0;
		};
		A47319C61DE35A4200F6752A /* ShellScript */ = {
			isa = PBXShellScriptBuildPhase;
			buildActionMask = 2147483647;
			files = (
			);
			inputPaths = (
			);
			outputPaths = (
			);
			runOnlyForDeploymentPostprocessing = 0;
			shellPath = /bin/sh;
			shellScript = "./Fabric.framework/run 4bed22b35aa4688a316220d3c8a1ee882809d63b 9a60b1dbd65dfdf62ec36cd520f25da4ebdc2ef66c26e7aad34dfb1bebfce91e";
		};
		B499EA2C6D254E9581740637 /* [CP] Copy Pods Resources */ = {
			isa = PBXShellScriptBuildPhase;
			buildActionMask = 2147483647;
			files = (
			);
			inputPaths = (
			);
			name = "[CP] Copy Pods Resources";
			outputPaths = (
			);
			runOnlyForDeploymentPostprocessing = 0;
			shellPath = /bin/sh;
			shellScript = "\"${SRCROOT}/Pods/Target Support Files/Pods-SocialJoint/Pods-SocialJoint-resources.sh\"\n";
			showEnvVarsInLog = 0;
		};
		D23BEB1673845B29AA350E04 /* [CP] Check Pods Manifest.lock */ = {
			isa = PBXShellScriptBuildPhase;
			buildActionMask = 2147483647;
			files = (
			);
			inputPaths = (
			);
			name = "[CP] Check Pods Manifest.lock";
			outputPaths = (
			);
			runOnlyForDeploymentPostprocessing = 0;
			shellPath = /bin/sh;
			shellScript = "diff \"${PODS_ROOT}/../Podfile.lock\" \"${PODS_ROOT}/Manifest.lock\" > /dev/null\nif [ $? != 0 ] ; then\n    # print error to STDERR\n    echo \"error: The sandbox is not in sync with the Podfile.lock. Run 'pod install' or update your CocoaPods installation.\" >&2\n    exit 1\nfi\n";
			showEnvVarsInLog = 0;
		};
/* End PBXShellScriptBuildPhase section */

/* Begin PBXSourcesBuildPhase section */
		EAB74CD21DD69C1C0041A0E1 /* Sources */ = {
			isa = PBXSourcesBuildPhase;
			buildActionMask = 2147483647;
			files = (
				EAB74CE21DD69C1C0041A0E1 /* SocialJoint.xcdatamodeld in Sources */,
				EA0C93A21DD774B400311F1B /* GradientExtension.swift in Sources */,
				EAB74CF21DD6A1C10041A0E1 /* InitialSetUpVC.swift in Sources */,
				AA73467F1DDCB313008019EF /* MainScreenVC.swift in Sources */,
				EAB74CDA1DD69C1C0041A0E1 /* AppDelegate.swift in Sources */,
				A404C3DB1DF69268005C0C62 /* RedditViewController.swift in Sources */,
				AA73467D1DDCB1B1008019EF /* SignInVC.swift in Sources */,
				A483448E1DE252C100FC5419 /* Reddit.swift in Sources */,
				A4E3C52B1DF77D0600AB472D /* Constants.swift in Sources */,
			);
			runOnlyForDeploymentPostprocessing = 0;
		};
/* End PBXSourcesBuildPhase section */

/* Begin PBXVariantGroup section */
		EAB74CDD1DD69C1C0041A0E1 /* Main.storyboard */ = {
			isa = PBXVariantGroup;
			children = (
				EAB74CDE1DD69C1C0041A0E1 /* Base */,
			);
			name = Main.storyboard;
			sourceTree = "<group>";
		};
		EAB74CE51DD69C1C0041A0E1 /* LaunchScreen.storyboard */ = {
			isa = PBXVariantGroup;
			children = (
				EAB74CE61DD69C1C0041A0E1 /* Base */,
			);
			name = LaunchScreen.storyboard;
			sourceTree = "<group>";
		};
/* End PBXVariantGroup section */

/* Begin XCBuildConfiguration section */
		EAB74CE91DD69C1C0041A0E1 /* Debug */ = {
			isa = XCBuildConfiguration;
			buildSettings = {
				ALWAYS_SEARCH_USER_PATHS = NO;
				CLANG_ANALYZER_NONNULL = YES;
				CLANG_CXX_LANGUAGE_STANDARD = "gnu++0x";
				CLANG_CXX_LIBRARY = "libc++";
				CLANG_ENABLE_MODULES = YES;
				CLANG_ENABLE_OBJC_ARC = YES;
				CLANG_WARN_BOOL_CONVERSION = YES;
				CLANG_WARN_CONSTANT_CONVERSION = YES;
				CLANG_WARN_DIRECT_OBJC_ISA_USAGE = YES_ERROR;
				CLANG_WARN_DOCUMENTATION_COMMENTS = YES;
				CLANG_WARN_EMPTY_BODY = YES;
				CLANG_WARN_ENUM_CONVERSION = YES;
				CLANG_WARN_INFINITE_RECURSION = YES;
				CLANG_WARN_INT_CONVERSION = YES;
				CLANG_WARN_OBJC_ROOT_CLASS = YES_ERROR;
				CLANG_WARN_SUSPICIOUS_MOVE = YES;
				CLANG_WARN_SUSPICIOUS_MOVES = YES;
				CLANG_WARN_UNREACHABLE_CODE = YES;
				CLANG_WARN__DUPLICATE_METHOD_MATCH = YES;
				"CODE_SIGN_IDENTITY[sdk=iphoneos*]" = "iPhone Developer";
				COPY_PHASE_STRIP = NO;
				DEBUG_INFORMATION_FORMAT = dwarf;
				ENABLE_STRICT_OBJC_MSGSEND = YES;
				ENABLE_TESTABILITY = YES;
				GCC_C_LANGUAGE_STANDARD = gnu99;
				GCC_DYNAMIC_NO_PIC = NO;
				GCC_NO_COMMON_BLOCKS = YES;
				GCC_OPTIMIZATION_LEVEL = 0;
				GCC_PREPROCESSOR_DEFINITIONS = (
					"DEBUG=1",
					"$(inherited)",
				);
				GCC_WARN_64_TO_32_BIT_CONVERSION = YES;
				GCC_WARN_ABOUT_RETURN_TYPE = YES_ERROR;
				GCC_WARN_UNDECLARED_SELECTOR = YES;
				GCC_WARN_UNINITIALIZED_AUTOS = YES_AGGRESSIVE;
				GCC_WARN_UNUSED_FUNCTION = YES;
				GCC_WARN_UNUSED_VARIABLE = YES;
				IPHONEOS_DEPLOYMENT_TARGET = 10.0;
				MTL_ENABLE_DEBUG_INFO = YES;
				ONLY_ACTIVE_ARCH = YES;
				SDKROOT = iphoneos;
				SWIFT_ACTIVE_COMPILATION_CONDITIONS = DEBUG;
				SWIFT_OPTIMIZATION_LEVEL = "-Onone";
			};
			name = Debug;
		};
		EAB74CEA1DD69C1C0041A0E1 /* Release */ = {
			isa = XCBuildConfiguration;
			buildSettings = {
				ALWAYS_SEARCH_USER_PATHS = NO;
				CLANG_ANALYZER_NONNULL = YES;
				CLANG_CXX_LANGUAGE_STANDARD = "gnu++0x";
				CLANG_CXX_LIBRARY = "libc++";
				CLANG_ENABLE_MODULES = YES;
				CLANG_ENABLE_OBJC_ARC = YES;
				CLANG_WARN_BOOL_CONVERSION = YES;
				CLANG_WARN_CONSTANT_CONVERSION = YES;
				CLANG_WARN_DIRECT_OBJC_ISA_USAGE = YES_ERROR;
				CLANG_WARN_DOCUMENTATION_COMMENTS = YES;
				CLANG_WARN_EMPTY_BODY = YES;
				CLANG_WARN_ENUM_CONVERSION = YES;
				CLANG_WARN_INFINITE_RECURSION = YES;
				CLANG_WARN_INT_CONVERSION = YES;
				CLANG_WARN_OBJC_ROOT_CLASS = YES_ERROR;
				CLANG_WARN_SUSPICIOUS_MOVE = YES;
				CLANG_WARN_SUSPICIOUS_MOVES = YES;
				CLANG_WARN_UNREACHABLE_CODE = YES;
				CLANG_WARN__DUPLICATE_METHOD_MATCH = YES;
				"CODE_SIGN_IDENTITY[sdk=iphoneos*]" = "iPhone Developer";
				COPY_PHASE_STRIP = NO;
				DEBUG_INFORMATION_FORMAT = "dwarf-with-dsym";
				ENABLE_NS_ASSERTIONS = NO;
				ENABLE_STRICT_OBJC_MSGSEND = YES;
				GCC_C_LANGUAGE_STANDARD = gnu99;
				GCC_NO_COMMON_BLOCKS = YES;
				GCC_WARN_64_TO_32_BIT_CONVERSION = YES;
				GCC_WARN_ABOUT_RETURN_TYPE = YES_ERROR;
				GCC_WARN_UNDECLARED_SELECTOR = YES;
				GCC_WARN_UNINITIALIZED_AUTOS = YES_AGGRESSIVE;
				GCC_WARN_UNUSED_FUNCTION = YES;
				GCC_WARN_UNUSED_VARIABLE = YES;
				IPHONEOS_DEPLOYMENT_TARGET = 10.0;
				MTL_ENABLE_DEBUG_INFO = NO;
				SDKROOT = iphoneos;
				SWIFT_OPTIMIZATION_LEVEL = "-Owholemodule";
				VALIDATE_PRODUCT = YES;
			};
			name = Release;
		};
		EAB74CEC1DD69C1C0041A0E1 /* Debug */ = {
			isa = XCBuildConfiguration;
			baseConfigurationReference = E7D108B0347C5E22CCAE261A /* Pods-SocialJoint.debug.xcconfig */;
			buildSettings = {
				ASSETCATALOG_COMPILER_APPICON_NAME = AppIcon;
				CODE_SIGN_ENTITLEMENTS = SocialJoint/SocialJoint.entitlements;
				DEVELOPMENT_TEAM = 7N5NS23973;
				FRAMEWORK_SEARCH_PATHS = (
					"$(inherited)",
					"$(PROJECT_DIR)",
				);
				INFOPLIST_FILE = SocialJoint/Info.plist;
				LD_RUNPATH_SEARCH_PATHS = "$(inherited) @executable_path/Frameworks";
				PRODUCT_BUNDLE_IDENTIFIER = "Ethan-Bonin.SocialJoint";
				PRODUCT_NAME = "$(TARGET_NAME)";
				SWIFT_VERSION = 3.0;
			};
			name = Debug;
		};
		EAB74CED1DD69C1C0041A0E1 /* Release */ = {
			isa = XCBuildConfiguration;
			baseConfigurationReference = AD1C29BF70EBB17DB54D021D /* Pods-SocialJoint.release.xcconfig */;
			buildSettings = {
				ASSETCATALOG_COMPILER_APPICON_NAME = AppIcon;
				CODE_SIGN_ENTITLEMENTS = SocialJoint/SocialJoint.entitlements;
				DEVELOPMENT_TEAM = 7N5NS23973;
				FRAMEWORK_SEARCH_PATHS = (
					"$(inherited)",
					"$(PROJECT_DIR)",
				);
				INFOPLIST_FILE = SocialJoint/Info.plist;
				LD_RUNPATH_SEARCH_PATHS = "$(inherited) @executable_path/Frameworks";
				PRODUCT_BUNDLE_IDENTIFIER = "Ethan-Bonin.SocialJoint";
				PRODUCT_NAME = "$(TARGET_NAME)";
				SWIFT_VERSION = 3.0;
			};
			name = Release;
		};
/* End XCBuildConfiguration section */

/* Begin XCConfigurationList section */
		EAB74CD11DD69C1C0041A0E1 /* Build configuration list for PBXProject "SocialJoint" */ = {
			isa = XCConfigurationList;
			buildConfigurations = (
				EAB74CE91DD69C1C0041A0E1 /* Debug */,
				EAB74CEA1DD69C1C0041A0E1 /* Release */,
			);
			defaultConfigurationIsVisible = 0;
			defaultConfigurationName = Release;
		};
		EAB74CEB1DD69C1C0041A0E1 /* Build configuration list for PBXNativeTarget "SocialJoint" */ = {
			isa = XCConfigurationList;
			buildConfigurations = (
				EAB74CEC1DD69C1C0041A0E1 /* Debug */,
				EAB74CED1DD69C1C0041A0E1 /* Release */,
			);
			defaultConfigurationIsVisible = 0;
			defaultConfigurationName = Release;
		};
/* End XCConfigurationList section */

/* Begin XCVersionGroup section */
		EAB74CE01DD69C1C0041A0E1 /* SocialJoint.xcdatamodeld */ = {
			isa = XCVersionGroup;
			children = (
				EAB74CE11DD69C1C0041A0E1 /* SocialJoint.xcdatamodel */,
			);
			currentVersion = EAB74CE11DD69C1C0041A0E1 /* SocialJoint.xcdatamodel */;
			path = SocialJoint.xcdatamodeld;
			sourceTree = "<group>";
			versionGroupType = wrapper.xcdatamodel;
		};
/* End XCVersionGroup section */
	};
	rootObject = EAB74CCE1DD69C1C0041A0E1 /* Project object */;
}
